
Microsoft Visual Studio Solution File, Format Version 12.00
# Visual Studio Version 16
VisualStudioVersion = 16.0.30503.244
MinimumVisualStudioVersion = 10.0.40219.1
Project("{2150E333-8FDC-42A3-9474-1A3956D46DE8}") = "Services", "Services", "{CFCA8EF1-1C4E-4EE0-B8D2-A88F3BC1A42C}"
EndProject
Project("{2150E333-8FDC-42A3-9474-1A3956D46DE8}") = "WebApps", "WebApps", "{476F354B-7D52-4610-ABB1-AB8AB72B0DD5}"
EndProject
Project("{2150E333-8FDC-42A3-9474-1A3956D46DE8}") = "Cadastros", "Cadastros", "{6B8F5712-7D67-47CE-866D-D796F9E0B978}"
EndProject
Project("{2150E333-8FDC-42A3-9474-1A3956D46DE8}") = "Catalogo", "Catalogo", "{6E2DF72A-EF41-4F50-9C03-31235B71034C}"
EndProject
Project("{2150E333-8FDC-42A3-9474-1A3956D46DE8}") = "Core", "Core", "{AC25EB7D-4EBC-438F-B719-FBB30DD24085}"
EndProject
Project("{2150E333-8FDC-42A3-9474-1A3956D46DE8}") = "Fiscal", "Fiscal", "{BB445F9C-B463-44C0-845B-C0B791C42FAF}"
EndProject
Project("{2150E333-8FDC-42A3-9474-1A3956D46DE8}") = "Pagamentos", "Pagamentos", "{40923D76-4C71-4E59-9D3C-E52EF6FC7506}"
EndProject
Project("{2150E333-8FDC-42A3-9474-1A3956D46DE8}") = "Vendas", "Vendas", "{D8DAE002-A2C4-4328-B7C5-3F2242921F34}"
EndProject
Project("{9A19103F-16F7-4668-BE54-9A1E7A4F7556}") = "NerdStore.Catalogo.Domain", "src\NerdStore.Catalogo.Domain\NerdStore.Catalogo.Domain.csproj", "{1B9D30C7-F784-4529-8682-2CC5322B19A4}"
EndProject
Project("{9A19103F-16F7-4668-BE54-9A1E7A4F7556}") = "NerdStore.Core", "src\NerdStore.Core\NerdStore.Core.csproj", "{2C697C69-18C7-49D6-A781-6C026913AB93}"
EndProject
Project("{2150E333-8FDC-42A3-9474-1A3956D46DE8}") = "Tests", "Tests", "{9AF6DA01-04B8-4C7D-9045-C5258CDBCC43}"
EndProject
Project("{9A19103F-16F7-4668-BE54-9A1E7A4F7556}") = "NerdStore.Catalogo.Domain.Tests", "tests\NerdStore.Catalogo.Domain.Tests\NerdStore.Catalogo.Domain.Tests.csproj", "{A164BA68-366A-4813-8E73-D36107CC67CD}"
EndProject
Project("{9A19103F-16F7-4668-BE54-9A1E7A4F7556}") = "NerdStore.Catalogo.Data", "src\NerdStore.Catalogo.Data\NerdStore.Catalogo.Data.csproj", "{8CDC83D0-B765-42D5-AA74-CAB1EDBD460F}"
EndProject
Project("{9A19103F-16F7-4668-BE54-9A1E7A4F7556}") = "NerdStore.Catalago.Application", "src\NerdStore.Catalago.Application\NerdStore.Catalago.Application.csproj", "{8014E1DD-7CB5-4861-B1B4-186E3DA10184}"
EndProject
Project("{9A19103F-16F7-4668-BE54-9A1E7A4F7556}") = "NerdStore.WebApp.MVC", "src\NerdStore.WebApp.MVC\NerdStore.WebApp.MVC.csproj", "{6A4C9486-F6AA-487A-97C2-944721186A67}"
EndProject
Project("{FAE04EC0-301F-11D3-BF4B-00C04F79EFBC}") = "NerdStore.Vendas.Domain", "src\NerdStore.Vendas.Domain\NerdStore.Vendas.Domain.csproj", "{DF673BBC-3812-4720-8957-4B0BF4279105}"
EndProject
Project("{FAE04EC0-301F-11D3-BF4B-00C04F79EFBC}") = "NerdStore.Vendas.Application", "src\NerdStore.Vendas.Application\NerdStore.Vendas.Application.csproj", "{9E079435-F31D-4EA1-855E-AF70E54A69CD}"
EndProject
Project("{FAE04EC0-301F-11D3-BF4B-00C04F79EFBC}") = "NerdStore.Vendas.Data", "src\NerdStore.Vendas.Data\NerdStore.Vendas.Data.csproj", "{F2F2B9F2-8E11-47D5-A808-C1F7D0F2AA52}"
EndProject
Global
	GlobalSection(SolutionConfigurationPlatforms) = preSolution
		Debug|Any CPU = Debug|Any CPU
		Release|Any CPU = Release|Any CPU
	EndGlobalSection
	GlobalSection(ProjectConfigurationPlatforms) = postSolution
		{1B9D30C7-F784-4529-8682-2CC5322B19A4}.Debug|Any CPU.ActiveCfg = Debug|Any CPU
		{1B9D30C7-F784-4529-8682-2CC5322B19A4}.Debug|Any CPU.Build.0 = Debug|Any CPU
		{1B9D30C7-F784-4529-8682-2CC5322B19A4}.Release|Any CPU.ActiveCfg = Release|Any CPU
		{1B9D30C7-F784-4529-8682-2CC5322B19A4}.Release|Any CPU.Build.0 = Release|Any CPU
		{2C697C69-18C7-49D6-A781-6C026913AB93}.Debug|Any CPU.ActiveCfg = Debug|Any CPU
		{2C697C69-18C7-49D6-A781-6C026913AB93}.Debug|Any CPU.Build.0 = Debug|Any CPU
		{2C697C69-18C7-49D6-A781-6C026913AB93}.Release|Any CPU.ActiveCfg = Release|Any CPU
		{2C697C69-18C7-49D6-A781-6C026913AB93}.Release|Any CPU.Build.0 = Release|Any CPU
		{A164BA68-366A-4813-8E73-D36107CC67CD}.Debug|Any CPU.ActiveCfg = Debug|Any CPU
		{A164BA68-366A-4813-8E73-D36107CC67CD}.Debug|Any CPU.Build.0 = Debug|Any CPU
		{A164BA68-366A-4813-8E73-D36107CC67CD}.Release|Any CPU.ActiveCfg = Release|Any CPU
		{A164BA68-366A-4813-8E73-D36107CC67CD}.Release|Any CPU.Build.0 = Release|Any CPU
		{8CDC83D0-B765-42D5-AA74-CAB1EDBD460F}.Debug|Any CPU.ActiveCfg = Debug|Any CPU
		{8CDC83D0-B765-42D5-AA74-CAB1EDBD460F}.Debug|Any CPU.Build.0 = Debug|Any CPU
		{8CDC83D0-B765-42D5-AA74-CAB1EDBD460F}.Release|Any CPU.ActiveCfg = Release|Any CPU
		{8CDC83D0-B765-42D5-AA74-CAB1EDBD460F}.Release|Any CPU.Build.0 = Release|Any CPU
		{8014E1DD-7CB5-4861-B1B4-186E3DA10184}.Debug|Any CPU.ActiveCfg = Debug|Any CPU
		{8014E1DD-7CB5-4861-B1B4-186E3DA10184}.Debug|Any CPU.Build.0 = Debug|Any CPU
		{8014E1DD-7CB5-4861-B1B4-186E3DA10184}.Release|Any CPU.ActiveCfg = Release|Any CPU
		{8014E1DD-7CB5-4861-B1B4-186E3DA10184}.Release|Any CPU.Build.0 = Release|Any CPU
		{6A4C9486-F6AA-487A-97C2-944721186A67}.Debug|Any CPU.ActiveCfg = Debug|Any CPU
		{6A4C9486-F6AA-487A-97C2-944721186A67}.Debug|Any CPU.Build.0 = Debug|Any CPU
		{6A4C9486-F6AA-487A-97C2-944721186A67}.Release|Any CPU.ActiveCfg = Release|Any CPU
		{6A4C9486-F6AA-487A-97C2-944721186A67}.Release|Any CPU.Build.0 = Release|Any CPU
		{DF673BBC-3812-4720-8957-4B0BF4279105}.Debug|Any CPU.ActiveCfg = Debug|Any CPU
		{DF673BBC-3812-4720-8957-4B0BF4279105}.Debug|Any CPU.Build.0 = Debug|Any CPU
		{DF673BBC-3812-4720-8957-4B0BF4279105}.Release|Any CPU.ActiveCfg = Release|Any CPU
		{DF673BBC-3812-4720-8957-4B0BF4279105}.Release|Any CPU.Build.0 = Release|Any CPU
		{9E079435-F31D-4EA1-855E-AF70E54A69CD}.Debug|Any CPU.ActiveCfg = Debug|Any CPU
		{9E079435-F31D-4EA1-855E-AF70E54A69CD}.Debug|Any CPU.Build.0 = Debug|Any CPU
		{9E079435-F31D-4EA1-855E-AF70E54A69CD}.Release|Any CPU.ActiveCfg = Release|Any CPU
		{9E079435-F31D-4EA1-855E-AF70E54A69CD}.Release|Any CPU.Build.0 = Release|Any CPU
		{F2F2B9F2-8E11-47D5-A808-C1F7D0F2AA52}.Debug|Any CPU.ActiveCfg = Debug|Any CPU
		{F2F2B9F2-8E11-47D5-A808-C1F7D0F2AA52}.Debug|Any CPU.Build.0 = Debug|Any CPU
		{F2F2B9F2-8E11-47D5-A808-C1F7D0F2AA52}.Release|Any CPU.ActiveCfg = Release|Any CPU
		{F2F2B9F2-8E11-47D5-A808-C1F7D0F2AA52}.Release|Any CPU.Build.0 = Release|Any CPU
	EndGlobalSection
	GlobalSection(SolutionProperties) = preSolution
		HideSolutionNode = FALSE
	EndGlobalSection
	GlobalSection(NestedProjects) = preSolution
		{6B8F5712-7D67-47CE-866D-D796F9E0B978} = {CFCA8EF1-1C4E-4EE0-B8D2-A88F3BC1A42C}
		{6E2DF72A-EF41-4F50-9C03-31235B71034C} = {CFCA8EF1-1C4E-4EE0-B8D2-A88F3BC1A42C}
		{AC25EB7D-4EBC-438F-B719-FBB30DD24085} = {CFCA8EF1-1C4E-4EE0-B8D2-A88F3BC1A42C}
		{BB445F9C-B463-44C0-845B-C0B791C42FAF} = {CFCA8EF1-1C4E-4EE0-B8D2-A88F3BC1A42C}
		{40923D76-4C71-4E59-9D3C-E52EF6FC7506} = {CFCA8EF1-1C4E-4EE0-B8D2-A88F3BC1A42C}
		{D8DAE002-A2C4-4328-B7C5-3F2242921F34} = {CFCA8EF1-1C4E-4EE0-B8D2-A88F3BC1A42C}
		{1B9D30C7-F784-4529-8682-2CC5322B19A4} = {6E2DF72A-EF41-4F50-9C03-31235B71034C}
		{2C697C69-18C7-49D6-A781-6C026913AB93} = {AC25EB7D-4EBC-438F-B719-FBB30DD24085}
		{9AF6DA01-04B8-4C7D-9045-C5258CDBCC43} = {6E2DF72A-EF41-4F50-9C03-31235B71034C}
		{A164BA68-366A-4813-8E73-D36107CC67CD} = {9AF6DA01-04B8-4C7D-9045-C5258CDBCC43}
		{8CDC83D0-B765-42D5-AA74-CAB1EDBD460F} = {6E2DF72A-EF41-4F50-9C03-31235B71034C}
		{8014E1DD-7CB5-4861-B1B4-186E3DA10184} = {6E2DF72A-EF41-4F50-9C03-31235B71034C}
		{6A4C9486-F6AA-487A-97C2-944721186A67} = {476F354B-7D52-4610-ABB1-AB8AB72B0DD5}
		{DF673BBC-3812-4720-8957-4B0BF4279105} = {D8DAE002-A2C4-4328-B7C5-3F2242921F34}
		{9E079435-F31D-4EA1-855E-AF70E54A69CD} = {D8DAE002-A2C4-4328-B7C5-3F2242921F34}
		{F2F2B9F2-8E11-47D5-A808-C1F7D0F2AA52} = {D8DAE002-A2C4-4328-B7C5-3F2242921F34}
	EndGlobalSection
	GlobalSection(ExtensibilityGlobals) = postSolution
		SolutionGuid = {8E9DB12D-1376-486D-947B-C99FB1954DD3}
	EndGlobalSection
EndGlobal
